
Microsoft Visual Studio Solution File, Format Version 12.00
# Visual Studio Version 16
VisualStudioVersion = 16.0.30907.101
MinimumVisualStudioVersion = 10.0.40219.1
Project("{FAE04EC0-301F-11D3-BF4B-00C04F79EFBC}") = "divergent", "divergent\divergent.csproj", "{BEB9329B-390B-46BA-9F8B-5794D6C35913}"
EndProject
Global
	GlobalSection(SolutionConfigurationPlatforms) = preSolution
		Debug|Any CPU = Debug|Any CPU
		Release|Any CPU = Release|Any CPU
	EndGlobalSection
	GlobalSection(ProjectConfigurationPlatforms) = postSolution
		{BEB9329B-390B-46BA-9F8B-5794D6C35913}.Debug|Any CPU.ActiveCfg = Debug|Any CPU
		{BEB9329B-390B-46BA-9F8B-5794D6C35913}.Debug|Any CPU.Build.0 = Debug|Any CPU
		{BEB9329B-390B-46BA-9F8B-5794D6C35913}.Release|Any CPU.ActiveCfg = Release|Any CPU
		{BEB9329B-390B-46BA-9F8B-5794D6C35913}.Release|Any CPU.Build.0 = Release|Any CPU
	EndGlobalSection
	GlobalSection(SolutionProperties) = preSolution
		HideSolutionNode = FALSE
	EndGlobalSection
	GlobalSection(ExtensibilityGlobals) = postSolution
		SolutionGuid = {F2184018-4D75-4152-8B44-2B9EFC9534CB}
	EndGlobalSection
EndGlobal
